
Microsoft Visual Studio Solution File, Format Version 12.00
# Visual Studio 15
VisualStudioVersion = 15.0.26228.10
MinimumVisualStudioVersion = 10.0.40219.1
Project("{FAE04EC0-301F-11D3-BF4B-00C04F79EFBC}") = "MyTrains.Core", "MyTrains.Core\MyTrains.Core.csproj", "{FEB24421-4F1E-4AAC-A15A-AA7EEE549BF5}"
EndProject
Project("{FAE04EC0-301F-11D3-BF4B-00C04F79EFBC}") = "MyTrains.Droid", "MyTrains.Droid\MyTrains.Droid.csproj", "{743AA533-F862-43F2-90CA-E3AB09036EA0}"
EndProject
Project("{FAE04EC0-301F-11D3-BF4B-00C04F79EFBC}") = "MyTrains.iOS", "MyTrains.iOS\MyTrains.iOS.csproj", "{E7A734B1-F62E-4D45-A9A5-CAB6F4D23BEF}"
EndProject
Project("{FAE04EC0-301F-11D3-BF4B-00C04F79EFBC}") = "MyTrains.Localization", "MyTrains.Localization\MyTrains.Localization.csproj", "{2D345D04-9F3F-42D0-BB7F-47AF8507995E}"
EndProject
Global
	GlobalSection(SolutionConfigurationPlatforms) = preSolution
		Ad-Hoc|Any CPU = Ad-Hoc|Any CPU
		Ad-Hoc|iPhone = Ad-Hoc|iPhone
		Ad-Hoc|iPhoneSimulator = Ad-Hoc|iPhoneSimulator
		AppStore|Any CPU = AppStore|Any CPU
		AppStore|iPhone = AppStore|iPhone
		AppStore|iPhoneSimulator = AppStore|iPhoneSimulator
		Debug|Any CPU = Debug|Any CPU
		Debug|iPhone = Debug|iPhone
		Debug|iPhoneSimulator = Debug|iPhoneSimulator
		Release|Any CPU = Release|Any CPU
		Release|iPhone = Release|iPhone
		Release|iPhoneSimulator = Release|iPhoneSimulator
	EndGlobalSection
	GlobalSection(ProjectConfigurationPlatforms) = postSolution
		{FEB24421-4F1E-4AAC-A15A-AA7EEE549BF5}.Ad-Hoc|Any CPU.ActiveCfg = Release|Any CPU
		{FEB24421-4F1E-4AAC-A15A-AA7EEE549BF5}.Ad-Hoc|Any CPU.Build.0 = Release|Any CPU
		{FEB24421-4F1E-4AAC-A15A-AA7EEE549BF5}.Ad-Hoc|iPhone.ActiveCfg = Release|Any CPU
		{FEB24421-4F1E-4AAC-A15A-AA7EEE549BF5}.Ad-Hoc|iPhone.Build.0 = Release|Any CPU
		{FEB24421-4F1E-4AAC-A15A-AA7EEE549BF5}.Ad-Hoc|iPhoneSimulator.ActiveCfg = Release|Any CPU
		{FEB24421-4F1E-4AAC-A15A-AA7EEE549BF5}.Ad-Hoc|iPhoneSimulator.Build.0 = Release|Any CPU
		{FEB24421-4F1E-4AAC-A15A-AA7EEE549BF5}.AppStore|Any CPU.ActiveCfg = Release|Any CPU
		{FEB24421-4F1E-4AAC-A15A-AA7EEE549BF5}.AppStore|Any CPU.Build.0 = Release|Any CPU
		{FEB24421-4F1E-4AAC-A15A-AA7EEE549BF5}.AppStore|iPhone.ActiveCfg = Release|Any CPU
		{FEB24421-4F1E-4AAC-A15A-AA7EEE549BF5}.AppStore|iPhone.Build.0 = Release|Any CPU
		{FEB24421-4F1E-4AAC-A15A-AA7EEE549BF5}.AppStore|iPhoneSimulator.ActiveCfg = Release|Any CPU
		{FEB24421-4F1E-4AAC-A15A-AA7EEE549BF5}.AppStore|iPhoneSimulator.Build.0 = Release|Any CPU
		{FEB24421-4F1E-4AAC-A15A-AA7EEE549BF5}.Debug|Any CPU.ActiveCfg = Debug|Any CPU
		{FEB24421-4F1E-4AAC-A15A-AA7EEE549BF5}.Debug|Any CPU.Build.0 = Debug|Any CPU
		{FEB24421-4F1E-4AAC-A15A-AA7EEE549BF5}.Debug|iPhone.ActiveCfg = Debug|Any CPU
		{FEB24421-4F1E-4AAC-A15A-AA7EEE549BF5}.Debug|iPhone.Build.0 = Debug|Any CPU
		{FEB24421-4F1E-4AAC-A15A-AA7EEE549BF5}.Debug|iPhoneSimulator.ActiveCfg = Debug|Any CPU
		{FEB24421-4F1E-4AAC-A15A-AA7EEE549BF5}.Debug|iPhoneSimulator.Build.0 = Debug|Any CPU
		{FEB24421-4F1E-4AAC-A15A-AA7EEE549BF5}.Release|Any CPU.ActiveCfg = Release|Any CPU
		{FEB24421-4F1E-4AAC-A15A-AA7EEE549BF5}.Release|Any CPU.Build.0 = Release|Any CPU
		{FEB24421-4F1E-4AAC-A15A-AA7EEE549BF5}.Release|iPhone.ActiveCfg = Release|Any CPU
		{FEB24421-4F1E-4AAC-A15A-AA7EEE549BF5}.Release|iPhone.Build.0 = Release|Any CPU
		{FEB24421-4F1E-4AAC-A15A-AA7EEE549BF5}.Release|iPhoneSimulator.ActiveCfg = Release|Any CPU
		{FEB24421-4F1E-4AAC-A15A-AA7EEE549BF5}.Release|iPhoneSimulator.Build.0 = Release|Any CPU
		{743AA533-F862-43F2-90CA-E3AB09036EA0}.Ad-Hoc|Any CPU.ActiveCfg = Release|Any CPU
		{743AA533-F862-43F2-90CA-E3AB09036EA0}.Ad-Hoc|Any CPU.Build.0 = Release|Any CPU
		{743AA533-F862-43F2-90CA-E3AB09036EA0}.Ad-Hoc|Any CPU.Deploy.0 = Release|Any CPU
		{743AA533-F862-43F2-90CA-E3AB09036EA0}.Ad-Hoc|iPhone.ActiveCfg = Release|Any CPU
		{743AA533-F862-43F2-90CA-E3AB09036EA0}.Ad-Hoc|iPhone.Build.0 = Release|Any CPU
		{743AA533-F862-43F2-90CA-E3AB09036EA0}.Ad-Hoc|iPhone.Deploy.0 = Release|Any CPU
		{743AA533-F862-43F2-90CA-E3AB09036EA0}.Ad-Hoc|iPhoneSimulator.ActiveCfg = Release|Any CPU
		{743AA533-F862-43F2-90CA-E3AB09036EA0}.Ad-Hoc|iPhoneSimulator.Build.0 = Release|Any CPU
		{743AA533-F862-43F2-90CA-E3AB09036EA0}.Ad-Hoc|iPhoneSimulator.Deploy.0 = Release|Any CPU
		{743AA533-F862-43F2-90CA-E3AB09036EA0}.AppStore|Any CPU.ActiveCfg = Release|Any CPU
		{743AA533-F862-43F2-90CA-E3AB09036EA0}.AppStore|Any CPU.Build.0 = Release|Any CPU
		{743AA533-F862-43F2-90CA-E3AB09036EA0}.AppStore|Any CPU.Deploy.0 = Release|Any CPU
		{743AA533-F862-43F2-90CA-E3AB09036EA0}.AppStore|iPhone.ActiveCfg = Release|Any CPU
		{743AA533-F862-43F2-90CA-E3AB09036EA0}.AppStore|iPhone.Build.0 = Release|Any CPU
		{743AA533-F862-43F2-90CA-E3AB09036EA0}.AppStore|iPhone.Deploy.0 = Release|Any CPU
		{743AA533-F862-43F2-90CA-E3AB09036EA0}.AppStore|iPhoneSimulator.ActiveCfg = Release|Any CPU
		{743AA533-F862-43F2-90CA-E3AB09036EA0}.AppStore|iPhoneSimulator.Build.0 = Release|Any CPU
		{743AA533-F862-43F2-90CA-E3AB09036EA0}.AppStore|iPhoneSimulator.Deploy.0 = Release|Any CPU
		{743AA533-F862-43F2-90CA-E3AB09036EA0}.Debug|Any CPU.ActiveCfg = Debug|Any CPU
		{743AA533-F862-43F2-90CA-E3AB09036EA0}.Debug|Any CPU.Build.0 = Debug|Any CPU
		{743AA533-F862-43F2-90CA-E3AB09036EA0}.Debug|Any CPU.Deploy.0 = Debug|Any CPU
		{743AA533-F862-43F2-90CA-E3AB09036EA0}.Debug|iPhone.ActiveCfg = Debug|Any CPU
		{743AA533-F862-43F2-90CA-E3AB09036EA0}.Debug|iPhone.Build.0 = Debug|Any CPU
		{743AA533-F862-43F2-90CA-E3AB09036EA0}.Debug|iPhone.Deploy.0 = Debug|Any CPU
		{743AA533-F862-43F2-90CA-E3AB09036EA0}.Debug|iPhoneSimulator.ActiveCfg = Debug|Any CPU
		{743AA533-F862-43F2-90CA-E3AB09036EA0}.Debug|iPhoneSimulator.Build.0 = Debug|Any CPU
		{743AA533-F862-43F2-90CA-E3AB09036EA0}.Debug|iPhoneSimulator.Deploy.0 = Debug|Any CPU
		{743AA533-F862-43F2-90CA-E3AB09036EA0}.Release|Any CPU.ActiveCfg = Release|Any CPU
		{743AA533-F862-43F2-90CA-E3AB09036EA0}.Release|Any CPU.Build.0 = Release|Any CPU
		{743AA533-F862-43F2-90CA-E3AB09036EA0}.Release|Any CPU.Deploy.0 = Release|Any CPU
		{743AA533-F862-43F2-90CA-E3AB09036EA0}.Release|iPhone.ActiveCfg = Release|Any CPU
		{743AA533-F862-43F2-90CA-E3AB09036EA0}.Release|iPhone.Build.0 = Release|Any CPU
		{743AA533-F862-43F2-90CA-E3AB09036EA0}.Release|iPhone.Deploy.0 = Release|Any CPU
		{743AA533-F862-43F2-90CA-E3AB09036EA0}.Release|iPhoneSimulator.ActiveCfg = Release|Any CPU
		{743AA533-F862-43F2-90CA-E3AB09036EA0}.Release|iPhoneSimulator.Build.0 = Release|Any CPU
		{743AA533-F862-43F2-90CA-E3AB09036EA0}.Release|iPhoneSimulator.Deploy.0 = Release|Any CPU
		{E7A734B1-F62E-4D45-A9A5-CAB6F4D23BEF}.Ad-Hoc|Any CPU.ActiveCfg = Ad-Hoc|iPhone
		{E7A734B1-F62E-4D45-A9A5-CAB6F4D23BEF}.Ad-Hoc|iPhone.ActiveCfg = Ad-Hoc|iPhone
		{E7A734B1-F62E-4D45-A9A5-CAB6F4D23BEF}.Ad-Hoc|iPhone.Build.0 = Ad-Hoc|iPhone
		{E7A734B1-F62E-4D45-A9A5-CAB6F4D23BEF}.Ad-Hoc|iPhoneSimulator.ActiveCfg = Ad-Hoc|iPhoneSimulator
		{E7A734B1-F62E-4D45-A9A5-CAB6F4D23BEF}.Ad-Hoc|iPhoneSimulator.Build.0 = Ad-Hoc|iPhoneSimulator
		{E7A734B1-F62E-4D45-A9A5-CAB6F4D23BEF}.AppStore|Any CPU.ActiveCfg = AppStore|iPhone
		{E7A734B1-F62E-4D45-A9A5-CAB6F4D23BEF}.AppStore|iPhone.ActiveCfg = AppStore|iPhone
		{E7A734B1-F62E-4D45-A9A5-CAB6F4D23BEF}.AppStore|iPhone.Build.0 = AppStore|iPhone
		{E7A734B1-F62E-4D45-A9A5-CAB6F4D23BEF}.AppStore|iPhoneSimulator.ActiveCfg = AppStore|iPhoneSimulator
		{E7A734B1-F62E-4D45-A9A5-CAB6F4D23BEF}.AppStore|iPhoneSimulator.Build.0 = AppStore|iPhoneSimulator
		{E7A734B1-F62E-4D45-A9A5-CAB6F4D23BEF}.Debug|Any CPU.ActiveCfg = Debug|iPhone
		{E7A734B1-F62E-4D45-A9A5-CAB6F4D23BEF}.Debug|iPhone.ActiveCfg = Debug|iPhone
		{E7A734B1-F62E-4D45-A9A5-CAB6F4D23BEF}.Debug|iPhone.Build.0 = Debug|iPhone
		{E7A734B1-F62E-4D45-A9A5-CAB6F4D23BEF}.Debug|iPhoneSimulator.ActiveCfg = Debug|iPhoneSimulator
		{E7A734B1-F62E-4D45-A9A5-CAB6F4D23BEF}.Debug|iPhoneSimulator.Build.0 = Debug|iPhoneSimulator
		{E7A734B1-F62E-4D45-A9A5-CAB6F4D23BEF}.Release|Any CPU.ActiveCfg = Release|iPhone
		{E7A734B1-F62E-4D45-A9A5-CAB6F4D23BEF}.Release|iPhone.ActiveCfg = Release|iPhone
		{E7A734B1-F62E-4D45-A9A5-CAB6F4D23BEF}.Release|iPhone.Build.0 = Release|iPhone
		{E7A734B1-F62E-4D45-A9A5-CAB6F4D23BEF}.Release|iPhoneSimulator.ActiveCfg = Release|iPhoneSimulator
		{E7A734B1-F62E-4D45-A9A5-CAB6F4D23BEF}.Release|iPhoneSimulator.Build.0 = Release|iPhoneSimulator
		{2D345D04-9F3F-42D0-BB7F-47AF8507995E}.Ad-Hoc|Any CPU.ActiveCfg = Release|Any CPU
		{2D345D04-9F3F-42D0-BB7F-47AF8507995E}.Ad-Hoc|Any CPU.Build.0 = Release|Any CPU
		{2D345D04-9F3F-42D0-BB7F-47AF8507995E}.Ad-Hoc|iPhone.ActiveCfg = Release|Any CPU
		{2D345D04-9F3F-42D0-BB7F-47AF8507995E}.Ad-Hoc|iPhone.Build.0 = Release|Any CPU
		{2D345D04-9F3F-42D0-BB7F-47AF8507995E}.Ad-Hoc|iPhoneSimulator.ActiveCfg = Release|Any CPU
		{2D345D04-9F3F-42D0-BB7F-47AF8507995E}.Ad-Hoc|iPhoneSimulator.Build.0 = Release|Any CPU
		{2D345D04-9F3F-42D0-BB7F-47AF8507995E}.AppStore|Any CPU.ActiveCfg = Release|Any CPU
		{2D345D04-9F3F-42D0-BB7F-47AF8507995E}.AppStore|Any CPU.Build.0 = Release|Any CPU
		{2D345D04-9F3F-42D0-BB7F-47AF8507995E}.AppStore|iPhone.ActiveCfg = Release|Any CPU
		{2D345D04-9F3F-42D0-BB7F-47AF8507995E}.AppStore|iPhone.Build.0 = Release|Any CPU
		{2D345D04-9F3F-42D0-BB7F-47AF8507995E}.AppStore|iPhoneSimulator.ActiveCfg = Release|Any CPU
		{2D345D04-9F3F-42D0-BB7F-47AF8507995E}.AppStore|iPhoneSimulator.Build.0 = Release|Any CPU
		{2D345D04-9F3F-42D0-BB7F-47AF8507995E}.Debug|Any CPU.ActiveCfg = Debug|Any CPU
		{2D345D04-9F3F-42D0-BB7F-47AF8507995E}.Debug|Any CPU.Build.0 = Debug|Any CPU
		{2D345D04-9F3F-42D0-BB7F-47AF8507995E}.Debug|iPhone.ActiveCfg = Debug|Any CPU
		{2D345D04-9F3F-42D0-BB7F-47AF8507995E}.Debug|iPhone.Build.0 = Debug|Any CPU
		{2D345D04-9F3F-42D0-BB7F-47AF8507995E}.Debug|iPhoneSimulator.ActiveCfg = Debug|Any CPU
		{2D345D04-9F3F-42D0-BB7F-47AF8507995E}.Debug|iPhoneSimulator.Build.0 = Debug|Any CPU
		{2D345D04-9F3F-42D0-BB7F-47AF8507995E}.Release|Any CPU.ActiveCfg = Release|Any CPU
		{2D345D04-9F3F-42D0-BB7F-47AF8507995E}.Release|Any CPU.Build.0 = Release|Any CPU
		{2D345D04-9F3F-42D0-BB7F-47AF8507995E}.Release|iPhone.ActiveCfg = Release|Any CPU
		{2D345D04-9F3F-42D0-BB7F-47AF8507995E}.Release|iPhone.Build.0 = Release|Any CPU
		{2D345D04-9F3F-42D0-BB7F-47AF8507995E}.Release|iPhoneSimulator.ActiveCfg = Release|Any CPU
		{2D345D04-9F3F-42D0-BB7F-47AF8507995E}.Release|iPhoneSimulator.Build.0 = Release|Any CPU
	EndGlobalSection
	GlobalSection(SolutionProperties) = preSolution
		HideSolutionNode = FALSE
	EndGlobalSection
EndGlobal
